// !$*UTF8*$!
{
	archiveVersion = 1;
	classes = {
	};
	objectVersion = 55;
	objects = {

/* Begin PBXBuildFile section */
		BA0F63C42985FA5E00A50C90 /* Keyboard00-v0.1.swift in Sources */ = {isa = PBXBuildFile; fileRef = BA0F63C02985FA5E00A50C90 /* Keyboard00-v0.1.swift */; };
		BA0F63C52985FA5E00A50C90 /* LinuxTerm00-v0.1.swift in Sources */ = {isa = PBXBuildFile; fileRef = BA0F63C12985FA5E00A50C90 /* LinuxTerm00-v0.1.swift */; };
		BA0F63C62985FA5E00A50C90 /* iPhoneFiles00-v0.1.swift in Sources */ = {isa = PBXBuildFile; fileRef = BA0F63C22985FA5E00A50C90 /* iPhoneFiles00-v0.1.swift */; };
		BA0F63C82985FAAD00A50C90 /* Toolbar01-v0.2.swift in Sources */ = {isa = PBXBuildFile; fileRef = BA0F63C72985FAAC00A50C90 /* Toolbar01-v0.2.swift */; };
		BA4CA05D299040FA007AA237 /* WebTools00-v0.1.swift in Sources */ = {isa = PBXBuildFile; fileRef = BA4CA05C299040FA007AA237 /* WebTools00-v0.1.swift */; };
		BA5F534D298794BF009C6601 /* icon-022a--152.jpg in Resources */ = {isa = PBXBuildFile; fileRef = BA5F534B298794BF009C6601 /* icon-022a--152.jpg */; };
		BA5F534E298794BF009C6601 /* icon-022a--167.jpg in Resources */ = {isa = PBXBuildFile; fileRef = BA5F534C298794BF009C6601 /* icon-022a--167.jpg */; };
		BA64F87D2B783BF00060F56D /* src in Resources */ = {isa = PBXBuildFile; fileRef = BA64F87C2B783BF00060F56D /* src */; };
		BA64F87F2B785F040060F56D /* jor1k in Resources */ = {isa = PBXBuildFile; fileRef = BA64F87E2B785F030060F56D /* jor1k */; };
		BA869E4B2B75A6C60023AAC4 /* webR-0.0 in Resources */ = {isa = PBXBuildFile; fileRef = BA869E4A2B75A6C60023AAC4 /* webR-0.0 */; };
		BA869E4D2B75A92C0023AAC4 /* SwifterServer00.swift in Sources */ = {isa = PBXBuildFile; fileRef = BA869E4C2B75A92C0023AAC4 /* SwifterServer00.swift */; };
		BAF6E7A528BBBE10005B1D73 /* R_StatsCalcApp.swift in Sources */ = {isa = PBXBuildFile; fileRef = BAF6E7A428BBBE10005B1D73 /* R_StatsCalcApp.swift */; };
		BAF6E7A728BBBE10005B1D73 /* ContentView.swift in Sources */ = {isa = PBXBuildFile; fileRef = BAF6E7A628BBBE10005B1D73 /* ContentView.swift */; };
		BAF6E7A928BBBE15005B1D73 /* Assets.xcassets in Resources */ = {isa = PBXBuildFile; fileRef = BAF6E7A828BBBE15005B1D73 /* Assets.xcassets */; };
		BAF6E7AC28BBBE15005B1D73 /* Preview Assets.xcassets in Resources */ = {isa = PBXBuildFile; fileRef = BAF6E7AB28BBBE15005B1D73 /* Preview Assets.xcassets */; };
		BAF6E7B728BBBEBF005B1D73 /* StatsCalc01-v0.3.swift in Sources */ = {isa = PBXBuildFile; fileRef = BAF6E7B628BBBEBF005B1D73 /* StatsCalc01-v0.3.swift */; };
		BAF6E7B928BBBF31005B1D73 /* icon-022a.jpg in Resources */ = {isa = PBXBuildFile; fileRef = BAF6E7B828BBBF31005B1D73 /* icon-022a.jpg */; };
/* End PBXBuildFile section */

/* Begin PBXFileReference section */
		BA0F63C02985FA5E00A50C90 /* Keyboard00-v0.1.swift */ = {isa = PBXFileReference; fileEncoding = 4; lastKnownFileType = sourcecode.swift; path = "Keyboard00-v0.1.swift"; sourceTree = "<group>"; };
		BA0F63C12985FA5E00A50C90 /* LinuxTerm00-v0.1.swift */ = {isa = PBXFileReference; fileEncoding = 4; lastKnownFileType = sourcecode.swift; path = "LinuxTerm00-v0.1.swift"; sourceTree = "<group>"; };
		BA0F63C22985FA5E00A50C90 /* iPhoneFiles00-v0.1.swift */ = {isa = PBXFileReference; fileEncoding = 4; lastKnownFileType = sourcecode.swift; path = "iPhoneFiles00-v0.1.swift"; sourceTree = "<group>"; };
		BA0F63C72985FAAC00A50C90 /* Toolbar01-v0.2.swift */ = {isa = PBXFileReference; fileEncoding = 4; lastKnownFileType = sourcecode.swift; path = "Toolbar01-v0.2.swift"; sourceTree = "<group>"; };
		BA3B530228C43E0900FA5113 /* Info.plist */ = {isa = PBXFileReference; lastKnownFileType = text.plist; path = Info.plist; sourceTree = "<group>"; };
		BA4CA05C299040FA007AA237 /* WebTools00-v0.1.swift */ = {isa = PBXFileReference; lastKnownFileType = sourcecode.swift; path = "WebTools00-v0.1.swift"; sourceTree = "<group>"; };
		BA5F534B298794BF009C6601 /* icon-022a--152.jpg */ = {isa = PBXFileReference; lastKnownFileType = image.jpeg; name = "icon-022a--152.jpg"; path = "../../../AppStore/R-StatsCalc--v1.1/R-StatsCalc/icon-022a--152.jpg"; sourceTree = "<group>"; };
		BA5F534C298794BF009C6601 /* icon-022a--167.jpg */ = {isa = PBXFileReference; lastKnownFileType = image.jpeg; name = "icon-022a--167.jpg"; path = "../../../AppStore/R-StatsCalc--v1.1/R-StatsCalc/icon-022a--167.jpg"; sourceTree = "<group>"; };
		BA64F87C2B783BF00060F56D /* src */ = {isa = PBXFileReference; lastKnownFileType = folder; path = src; sourceTree = "<group>"; };
		BA64F87E2B785F030060F56D /* jor1k */ = {isa = PBXFileReference; lastKnownFileType = folder; path = jor1k; sourceTree = "<group>"; };
		BA869E4A2B75A6C60023AAC4 /* webR-0.0 */ = {isa = PBXFileReference; lastKnownFileType = folder; path = "webR-0.0"; sourceTree = "<group>"; };
		BA869E4C2B75A92C0023AAC4 /* SwifterServer00.swift */ = {isa = PBXFileReference; fileEncoding = 4; lastKnownFileType = sourcecode.swift; path = SwifterServer00.swift; sourceTree = "<group>"; };
		BAF6E7A128BBBE10005B1D73 /* R-StatsCalc.app */ = {isa = PBXFileReference; explicitFileType = wrapper.application; includeInIndex = 0; path = "R-StatsCalc.app"; sourceTree = BUILT_PRODUCTS_DIR; };
		BAF6E7A428BBBE10005B1D73 /* R_StatsCalcApp.swift */ = {isa = PBXFileReference; lastKnownFileType = sourcecode.swift; path = R_StatsCalcApp.swift; sourceTree = "<group>"; };
		BAF6E7A628BBBE10005B1D73 /* ContentView.swift */ = {isa = PBXFileReference; lastKnownFileType = sourcecode.swift; path = ContentView.swift; sourceTree = "<group>"; };
		BAF6E7A828BBBE15005B1D73 /* Assets.xcassets */ = {isa = PBXFileReference; lastKnownFileType = folder.assetcatalog; path = Assets.xcassets; sourceTree = "<group>"; };
		BAF6E7AB28BBBE15005B1D73 /* Preview Assets.xcassets */ = {isa = PBXFileReference; lastKnownFileType = folder.assetcatalog; path = "Preview Assets.xcassets"; sourceTree = "<group>"; };
		BAF6E7B628BBBEBF005B1D73 /* StatsCalc01-v0.3.swift */ = {isa = PBXFileReference; lastKnownFileType = sourcecode.swift; path = "StatsCalc01-v0.3.swift"; sourceTree = "<group>"; };
		BAF6E7B828BBBF31005B1D73 /* icon-022a.jpg */ = {isa = PBXFileReference; lastKnownFileType = image.jpeg; path = "icon-022a.jpg"; sourceTree = "<group>"; };
/* End PBXFileReference section */

/* Begin PBXFrameworksBuildPhase section */
		BAF6E79E28BBBE10005B1D73 /* Frameworks */ = {
			isa = PBXFrameworksBuildPhase;
			buildActionMask = 2147483647;
			files = (
			);
			runOnlyForDeploymentPostprocessing = 0;
		};
/* End PBXFrameworksBuildPhase section */

/* Begin PBXGroup section */
		BAF6E79828BBBE10005B1D73 = {
			isa = PBXGroup;
			children = (
				BAF6E7A328BBBE10005B1D73 /* R-StatsCalc */,
				BAF6E7A228BBBE10005B1D73 /* Products */,
			);
			sourceTree = "<group>";
		};
		BAF6E7A228BBBE10005B1D73 /* Products */ = {
			isa = PBXGroup;
			children = (
				BAF6E7A128BBBE10005B1D73 /* R-StatsCalc.app */,
			);
			name = Products;
			sourceTree = "<group>";
		};
		BAF6E7A328BBBE10005B1D73 /* R-StatsCalc */ = {
			isa = PBXGroup;
			children = (
				BA64F87E2B785F030060F56D /* jor1k */,
				BA64F87C2B783BF00060F56D /* src */,
				BA869E4C2B75A92C0023AAC4 /* SwifterServer00.swift */,
				BA869E4A2B75A6C60023AAC4 /* webR-0.0 */,
				BA5F534B298794BF009C6601 /* icon-022a--152.jpg */,
				BA5F534C298794BF009C6601 /* icon-022a--167.jpg */,
				BA0F63C72985FAAC00A50C90 /* Toolbar01-v0.2.swift */,
				BA0F63C22985FA5E00A50C90 /* iPhoneFiles00-v0.1.swift */,
				BA0F63C02985FA5E00A50C90 /* Keyboard00-v0.1.swift */,
				BA0F63C12985FA5E00A50C90 /* LinuxTerm00-v0.1.swift */,
				BA3B530228C43E0900FA5113 /* Info.plist */,
				BAF6E7A428BBBE10005B1D73 /* R_StatsCalcApp.swift */,
				BAF6E7A628BBBE10005B1D73 /* ContentView.swift */,
				BAF6E7A828BBBE15005B1D73 /* Assets.xcassets */,
				BAF6E7B828BBBF31005B1D73 /* icon-022a.jpg */,
				BAF6E7AA28BBBE15005B1D73 /* Preview Content */,
				BAF6E7B628BBBEBF005B1D73 /* StatsCalc01-v0.3.swift */,
				BA4CA05C299040FA007AA237 /* WebTools00-v0.1.swift */,
			);
			path = "R-StatsCalc";
			sourceTree = "<group>";
		};
		BAF6E7AA28BBBE15005B1D73 /* Preview Content */ = {
			isa = PBXGroup;
			children = (
				BAF6E7AB28BBBE15005B1D73 /* Preview Assets.xcassets */,
			);
			path = "Preview Content";
			sourceTree = "<group>";
		};
/* End PBXGroup section */

/* Begin PBXNativeTarget section */
		BAF6E7A028BBBE10005B1D73 /* R-StatsCalc */ = {
			isa = PBXNativeTarget;
			buildConfigurationList = BAF6E7AF28BBBE15005B1D73 /* Build configuration list for PBXNativeTarget "R-StatsCalc" */;
			buildPhases = (
				BAF6E79D28BBBE10005B1D73 /* Sources */,
				BAF6E79E28BBBE10005B1D73 /* Frameworks */,
				BAF6E79F28BBBE10005B1D73 /* Resources */,
			);
			buildRules = (
			);
			dependencies = (
			);
			name = "R-StatsCalc";
			productName = "R-StatsCalc";
			productReference = BAF6E7A128BBBE10005B1D73 /* R-StatsCalc.app */;
			productType = "com.apple.product-type.application";
		};
/* End PBXNativeTarget section */

/* Begin PBXProject section */
		BAF6E79928BBBE10005B1D73 /* Project object */ = {
			isa = PBXProject;
			attributes = {
				BuildIndependentTargetsInParallel = 1;
				LastSwiftUpdateCheck = 1340;
				LastUpgradeCheck = 1340;
				TargetAttributes = {
					BAF6E7A028BBBE10005B1D73 = {
						CreatedOnToolsVersion = 13.4;
					};
				};
			};
			buildConfigurationList = BAF6E79C28BBBE10005B1D73 /* Build configuration list for PBXProject "R-StatsCalc" */;
			compatibilityVersion = "Xcode 13.0";
			developmentRegion = en;
			hasScannedForEncodings = 0;
			knownRegions = (
				en,
				Base,
			);
			mainGroup = BAF6E79828BBBE10005B1D73;
			productRefGroup = BAF6E7A228BBBE10005B1D73 /* Products */;
			projectDirPath = "";
			projectRoot = "";
			targets = (
				BAF6E7A028BBBE10005B1D73 /* R-StatsCalc */,
			);
		};
/* End PBXProject section */

/* Begin PBXResourcesBuildPhase section */
		BAF6E79F28BBBE10005B1D73 /* Resources */ = {
			isa = PBXResourcesBuildPhase;
			buildActionMask = 2147483647;
			files = (
				BAF6E7AC28BBBE15005B1D73 /* Preview Assets.xcassets in Resources */,
				BA869E4B2B75A6C60023AAC4 /* webR-0.0 in Resources */,
				BA64F87D2B783BF00060F56D /* src in Resources */,
				BA5F534E298794BF009C6601 /* icon-022a--167.jpg in Resources */,
				BA5F534D298794BF009C6601 /* icon-022a--152.jpg in Resources */,
				BAF6E7B928BBBF31005B1D73 /* icon-022a.jpg in Resources */,
				BAF6E7A928BBBE15005B1D73 /* Assets.xcassets in Resources */,
				BA64F87F2B785F040060F56D /* jor1k in Resources */,
			);
			runOnlyForDeploymentPostprocessing = 0;
		};
/* End PBXResourcesBuildPhase section */

/* Begin PBXSourcesBuildPhase section */
		BAF6E79D28BBBE10005B1D73 /* Sources */ = {
			isa = PBXSourcesBuildPhase;
			buildActionMask = 2147483647;
			files = (
				BAF6E7A728BBBE10005B1D73 /* ContentView.swift in Sources */,
				BA4CA05D299040FA007AA237 /* WebTools00-v0.1.swift in Sources */,
				BA0F63C52985FA5E00A50C90 /* LinuxTerm00-v0.1.swift in Sources */,
				BA0F63C82985FAAD00A50C90 /* Toolbar01-v0.2.swift in Sources */,
				BA869E4D2B75A92C0023AAC4 /* SwifterServer00.swift in Sources */,
				BAF6E7A528BBBE10005B1D73 /* R_StatsCalcApp.swift in Sources */,
				BA0F63C62985FA5E00A50C90 /* iPhoneFiles00-v0.1.swift in Sources */,
				BAF6E7B728BBBEBF005B1D73 /* StatsCalc01-v0.3.swift in Sources */,
				BA0F63C42985FA5E00A50C90 /* Keyboard00-v0.1.swift in Sources */,
			);
			runOnlyForDeploymentPostprocessing = 0;
		};
/* End PBXSourcesBuildPhase section */

/* Begin XCBuildConfiguration section */
		BAF6E7AD28BBBE15005B1D73 /* Debug */ = {
			isa = XCBuildConfiguration;
			buildSettings = {
				ALWAYS_SEARCH_USER_PATHS = NO;
				CLANG_ANALYZER_NONNULL = YES;
				CLANG_ANALYZER_NUMBER_OBJECT_CONVERSION = YES_AGGRESSIVE;
				CLANG_CXX_LANGUAGE_STANDARD = "gnu++17";
				CLANG_ENABLE_MODULES = YES;
				CLANG_ENABLE_OBJC_ARC = YES;
				CLANG_ENABLE_OBJC_WEAK = YES;
				CLANG_WARN_BLOCK_CAPTURE_AUTORELEASING = YES;
				CLANG_WARN_BOOL_CONVERSION = YES;
				CLANG_WARN_COMMA = YES;
				CLANG_WARN_CONSTANT_CONVERSION = YES;
				CLANG_WARN_DEPRECATED_OBJC_IMPLEMENTATIONS = YES;
				CLANG_WARN_DIRECT_OBJC_ISA_USAGE = YES_ERROR;
				CLANG_WARN_DOCUMENTATION_COMMENTS = YES;
				CLANG_WARN_EMPTY_BODY = YES;
				CLANG_WARN_ENUM_CONVERSION = YES;
				CLANG_WARN_INFINITE_RECURSION = YES;
				CLANG_WARN_INT_CONVERSION = YES;
				CLANG_WARN_NON_LITERAL_NULL_CONVERSION = YES;
				CLANG_WARN_OBJC_IMPLICIT_RETAIN_SELF = YES;
				CLANG_WARN_OBJC_LITERAL_CONVERSION = YES;
				CLANG_WARN_OBJC_ROOT_CLASS = YES_ERROR;
				CLANG_WARN_QUOTED_INCLUDE_IN_FRAMEWORK_HEADER = YES;
				CLANG_WARN_RANGE_LOOP_ANALYSIS = YES;
				CLANG_WARN_STRICT_PROTOTYPES = YES;
				CLANG_WARN_SUSPICIOUS_MOVE = YES;
				CLANG_WARN_UNGUARDED_AVAILABILITY = YES_AGGRESSIVE;
				CLANG_WARN_UNREACHABLE_CODE = YES;
				CLANG_WARN__DUPLICATE_METHOD_MATCH = YES;
				COPY_PHASE_STRIP = NO;
				DEBUG_INFORMATION_FORMAT = dwarf;
				ENABLE_STRICT_OBJC_MSGSEND = YES;
				ENABLE_TESTABILITY = YES;
				GCC_C_LANGUAGE_STANDARD = gnu11;
				GCC_DYNAMIC_NO_PIC = NO;
				GCC_NO_COMMON_BLOCKS = YES;
				GCC_OPTIMIZATION_LEVEL = 0;
				GCC_PREPROCESSOR_DEFINITIONS = (
					"DEBUG=1",
					"$(inherited)",
				);
				GCC_WARN_64_TO_32_BIT_CONVERSION = YES;
				GCC_WARN_ABOUT_RETURN_TYPE = YES_ERROR;
				GCC_WARN_UNDECLARED_SELECTOR = YES;
				GCC_WARN_UNINITIALIZED_AUTOS = YES_AGGRESSIVE;
				GCC_WARN_UNUSED_FUNCTION = YES;
				GCC_WARN_UNUSED_VARIABLE = YES;
				IPHONEOS_DEPLOYMENT_TARGET = 15.5;
				MTL_ENABLE_DEBUG_INFO = INCLUDE_SOURCE;
				MTL_FAST_MATH = YES;
				ONLY_ACTIVE_ARCH = YES;
				SDKROOT = iphoneos;
				SWIFT_ACTIVE_COMPILATION_CONDITIONS = DEBUG;
				SWIFT_OPTIMIZATION_LEVEL = "-Onone";
			};
			name = Debug;
		};
		BAF6E7AE28BBBE15005B1D73 /* Release */ = {
			isa = XCBuildConfiguration;
			buildSettings = {
				ALWAYS_SEARCH_USER_PATHS = NO;
				CLANG_ANALYZER_NONNULL = YES;
				CLANG_ANALYZER_NUMBER_OBJECT_CONVERSION = YES_AGGRESSIVE;
				CLANG_CXX_LANGUAGE_STANDARD = "gnu++17";
				CLANG_ENABLE_MODULES = YES;
				CLANG_ENABLE_OBJC_ARC = YES;
				CLANG_ENABLE_OBJC_WEAK = YES;
				CLANG_WARN_BLOCK_CAPTURE_AUTORELEASING = YES;
				CLANG_WARN_BOOL_CONVERSION = YES;
				CLANG_WARN_COMMA = YES;
				CLANG_WARN_CONSTANT_CONVERSION = YES;
				CLANG_WARN_DEPRECATED_OBJC_IMPLEMENTATIONS = YES;
				CLANG_WARN_DIRECT_OBJC_ISA_USAGE = YES_ERROR;
				CLANG_WARN_DOCUMENTATION_COMMENTS = YES;
				CLANG_WARN_EMPTY_BODY = YES;
				CLANG_WARN_ENUM_CONVERSION = YES;
				CLANG_WARN_INFINITE_RECURSION = YES;
				CLANG_WARN_INT_CONVERSION = YES;
				CLANG_WARN_NON_LITERAL_NULL_CONVERSION = YES;
				CLANG_WARN_OBJC_IMPLICIT_RETAIN_SELF = YES;
				CLANG_WARN_OBJC_LITERAL_CONVERSION = YES;
				CLANG_WARN_OBJC_ROOT_CLASS = YES_ERROR;
				CLANG_WARN_QUOTED_INCLUDE_IN_FRAMEWORK_HEADER = YES;
				CLANG_WARN_RANGE_LOOP_ANALYSIS = YES;
				CLANG_WARN_STRICT_PROTOTYPES = YES;
				CLANG_WARN_SUSPICIOUS_MOVE = YES;
				CLANG_WARN_UNGUARDED_AVAILABILITY = YES_AGGRESSIVE;
				CLANG_WARN_UNREACHABLE_CODE = YES;
				CLANG_WARN__DUPLICATE_METHOD_MATCH = YES;
				COPY_PHASE_STRIP = NO;
				DEBUG_INFORMATION_FORMAT = "dwarf-with-dsym";
				ENABLE_NS_ASSERTIONS = NO;
				ENABLE_STRICT_OBJC_MSGSEND = YES;
				GCC_C_LANGUAGE_STANDARD = gnu11;
				GCC_NO_COMMON_BLOCKS = YES;
				GCC_WARN_64_TO_32_BIT_CONVERSION = YES;
				GCC_WARN_ABOUT_RETURN_TYPE = YES_ERROR;
				GCC_WARN_UNDECLARED_SELECTOR = YES;
				GCC_WARN_UNINITIALIZED_AUTOS = YES_AGGRESSIVE;
				GCC_WARN_UNUSED_FUNCTION = YES;
				GCC_WARN_UNUSED_VARIABLE = YES;
				IPHONEOS_DEPLOYMENT_TARGET = 15.5;
				MTL_ENABLE_DEBUG_INFO = NO;
				MTL_FAST_MATH = YES;
				SDKROOT = iphoneos;
				SWIFT_COMPILATION_MODE = wholemodule;
				SWIFT_OPTIMIZATION_LEVEL = "-O";
				VALIDATE_PRODUCT = YES;
			};
			name = Release;
		};
		BAF6E7B028BBBE15005B1D73 /* Debug */ = {
			isa = XCBuildConfiguration;
			buildSettings = {
				ASSETCATALOG_COMPILER_APPICON_NAME = AppIcon;
				ASSETCATALOG_COMPILER_GLOBAL_ACCENT_COLOR_NAME = AccentColor;
				CODE_SIGN_STYLE = Automatic;
				CURRENT_PROJECT_VERSION = 4.4.4;
				DEVELOPMENT_ASSET_PATHS = "\"R-StatsCalc/Preview Content\"";
				DEVELOPMENT_TEAM = KCK9WG69LV;
				ENABLE_PREVIEWS = YES;
				GENERATE_INFOPLIST_FILE = YES;
				INFOPLIST_FILE = "R-StatsCalc/Info.plist";
				INFOPLIST_KEY_NSDocumentsFolderUsageDescription = "";
				INFOPLIST_KEY_NSPhotoLibraryAddUsageDescription = "The app saves snapshots from the plots generated by the user";
				INFOPLIST_KEY_UIApplicationSceneManifest_Generation = YES;
				INFOPLIST_KEY_UIApplicationSupportsIndirectInputEvents = YES;
				INFOPLIST_KEY_UILaunchScreen_Generation = YES;
				INFOPLIST_KEY_UISupportedInterfaceOrientations = UIInterfaceOrientationPortrait;
				INFOPLIST_KEY_UISupportedInterfaceOrientations_iPad = "UIInterfaceOrientationPortrait UIInterfaceOrientationPortraitUpsideDown UIInterfaceOrientationLandscapeLeft UIInterfaceOrientationLandscapeRight";
				INFOPLIST_KEY_UISupportedInterfaceOrientations_iPhone = "UIInterfaceOrientationPortrait UIInterfaceOrientationLandscapeLeft UIInterfaceOrientationLandscapeRight";
				LD_RUNPATH_SEARCH_PATHS = (
					"$(inherited)",
					"@executable_path/Frameworks",
				);
				MARKETING_VERSION = 4.4.4;
				PRODUCT_BUNDLE_IDENTIFIER = "com.math.hikers.R-StatsCalc";
				PRODUCT_NAME = "$(TARGET_NAME)";
				SWIFT_EMIT_LOC_STRINGS = YES;
				SWIFT_VERSION = 5.0;
				TARGETED_DEVICE_FAMILY = "1,2";
			};
			name = Debug;
		};
		BAF6E7B128BBBE15005B1D73 /* Release */ = {
			isa = XCBuildConfiguration;
			buildSettings = {
				ASSETCATALOG_COMPILER_APPICON_NAME = AppIcon;
				ASSETCATALOG_COMPILER_GLOBAL_ACCENT_COLOR_NAME = AccentColor;
				CODE_SIGN_STYLE = Automatic;
				CURRENT_PROJECT_VERSION = 4.4.4;
				DEVELOPMENT_ASSET_PATHS = "\"R-StatsCalc/Preview Content\"";
				DEVELOPMENT_TEAM = KCK9WG69LV;
				ENABLE_PREVIEWS = YES;
				GENERATE_INFOPLIST_FILE = YES;
				INFOPLIST_FILE = "R-StatsCalc/Info.plist";
				INFOPLIST_KEY_NSDocumentsFolderUsageDescription = "";
				INFOPLIST_KEY_NSPhotoLibraryAddUsageDescription = "The app saves snapshots from the plots generated by the user";
				INFOPLIST_KEY_UIApplicationSceneManifest_Generation = YES;
				INFOPLIST_KEY_UIApplicationSupportsIndirectInputEvents = YES;
				INFOPLIST_KEY_UILaunchScreen_Generation = YES;
				INFOPLIST_KEY_UISupportedInterfaceOrientations = UIInterfaceOrientationPortrait;
				INFOPLIST_KEY_UISupportedInterfaceOrientations_iPad = "UIInterfaceOrientationPortrait UIInterfaceOrientationPortraitUpsideDown UIInterfaceOrientationLandscapeLeft UIInterfaceOrientationLandscapeRight";
				INFOPLIST_KEY_UISupportedInterfaceOrientations_iPhone = "UIInterfaceOrientationPortrait UIInterfaceOrientationLandscapeLeft UIInterfaceOrientationLandscapeRight";
				LD_RUNPATH_SEARCH_PATHS = (
					"$(inherited)",
					"@executable_path/Frameworks",
				);
				MARKETING_VERSION = 4.4.4;
				PRODUCT_BUNDLE_IDENTIFIER = "com.math.hikers.R-StatsCalc";
				PRODUCT_NAME = "$(TARGET_NAME)";
				SWIFT_EMIT_LOC_STRINGS = YES;
				SWIFT_VERSION = 5.0;
				TARGETED_DEVICE_FAMILY = "1,2";
			};
			name = Release;
		};
/* End XCBuildConfiguration section */

/* Begin XCConfigurationList section */
		BAF6E79C28BBBE10005B1D73 /* Build configuration list for PBXProject "R-StatsCalc" */ = {
			isa = XCConfigurationList;
			buildConfigurations = (
				BAF6E7AD28BBBE15005B1D73 /* Debug */,
				BAF6E7AE28BBBE15005B1D73 /* Release */,
			);
			defaultConfigurationIsVisible = 0;
			defaultConfigurationName = Release;
		};
		BAF6E7AF28BBBE15005B1D73 /* Build configuration list for PBXNativeTarget "R-StatsCalc" */ = {
			isa = XCConfigurationList;
			buildConfigurations = (
				BAF6E7B028BBBE15005B1D73 /* Debug */,
				BAF6E7B128BBBE15005B1D73 /* Release */,
			);
			defaultConfigurationIsVisible = 0;
			defaultConfigurationName = Release;
		};
/* End XCConfigurationList section */
	};
	rootObject = BAF6E79928BBBE10005B1D73 /* Project object */;
}
